// !$*UTF8*$!
{
	archiveVersion = 1;
	classes = {
	};
	objectVersion = 46;
	objects = {

/* Begin PBXBuildFile section */
		5897B0BA3C546A18A8A70FCE /* Pods_MovieViewer.framework in Frameworks */ = {isa = PBXBuildFile; fileRef = 3F01D535E71CB0B2334A2DDF /* Pods_MovieViewer.framework */; };
		C6365BA41C62B4F300CFCFE1 /* MovieCell.swift in Sources */ = {isa = PBXBuildFile; fileRef = C6365BA31C62B4F300CFCFE1 /* MovieCell.swift */; };
		C6C3E4F21C61A3080065A57F /* AppDelegate.swift in Sources */ = {isa = PBXBuildFile; fileRef = C6C3E4F11C61A3080065A57F /* AppDelegate.swift */; };
		C6C3E4F71C61A3080065A57F /* Main.storyboard in Resources */ = {isa = PBXBuildFile; fileRef = C6C3E4F51C61A3080065A57F /* Main.storyboard */; };
		C6C3E4F91C61A3090065A57F /* Assets.xcassets in Resources */ = {isa = PBXBuildFile; fileRef = C6C3E4F81C61A3090065A57F /* Assets.xcassets */; };
		C6C3E4FC1C61A3090065A57F /* LaunchScreen.storyboard in Resources */ = {isa = PBXBuildFile; fileRef = C6C3E4FA1C61A3090065A57F /* LaunchScreen.storyboard */; };
		C6C3E5041C61A3840065A57F /* MoviesViewController.swift in Sources */ = {isa = PBXBuildFile; fileRef = C6C3E5031C61A3840065A57F /* MoviesViewController.swift */; };
		C6F4CC371C68F3CC00C7B4EF /* DetailViewController.swift in Sources */ = {isa = PBXBuildFile; fileRef = C6F4CC361C68F3CC00C7B4EF /* DetailViewController.swift */; };
/* End PBXBuildFile section */

/* Begin PBXFileReference section */
		3F01D535E71CB0B2334A2DDF /* Pods_MovieViewer.framework */ = {isa = PBXFileReference; explicitFileType = wrapper.framework; includeInIndex = 0; path = Pods_MovieViewer.framework; sourceTree = BUILT_PRODUCTS_DIR; };
		C6365BA31C62B4F300CFCFE1 /* MovieCell.swift */ = {isa = PBXFileReference; fileEncoding = 4; lastKnownFileType = sourcecode.swift; path = MovieCell.swift; sourceTree = "<group>"; };
		C6C3E4EE1C61A3080065A57F /* MovieViewer.app */ = {isa = PBXFileReference; explicitFileType = wrapper.application; includeInIndex = 0; path = MovieViewer.app; sourceTree = BUILT_PRODUCTS_DIR; };
		C6C3E4F11C61A3080065A57F /* AppDelegate.swift */ = {isa = PBXFileReference; lastKnownFileType = sourcecode.swift; path = AppDelegate.swift; sourceTree = "<group>"; };
		C6C3E4F61C61A3080065A57F /* Base */ = {isa = PBXFileReference; lastKnownFileType = file.storyboard; name = Base; path = Base.lproj/Main.storyboard; sourceTree = "<group>"; };
		C6C3E4F81C61A3090065A57F /* Assets.xcassets */ = {isa = PBXFileReference; lastKnownFileType = folder.assetcatalog; path = Assets.xcassets; sourceTree = "<group>"; };
		C6C3E4FB1C61A3090065A57F /* Base */ = {isa = PBXFileReference; lastKnownFileType = file.storyboard; name = Base; path = Base.lproj/LaunchScreen.storyboard; sourceTree = "<group>"; };
		C6C3E4FD1C61A3090065A57F /* Info.plist */ = {isa = PBXFileReference; lastKnownFileType = text.plist.xml; path = Info.plist; sourceTree = "<group>"; };
		C6C3E5031C61A3840065A57F /* MoviesViewController.swift */ = {isa = PBXFileReference; fileEncoding = 4; lastKnownFileType = sourcecode.swift; path = MoviesViewController.swift; sourceTree = "<group>"; };
		C6F4CC361C68F3CC00C7B4EF /* DetailViewController.swift */ = {isa = PBXFileReference; fileEncoding = 4; lastKnownFileType = sourcecode.swift; path = DetailViewController.swift; sourceTree = "<group>"; };
		E51E6FEC48FEBDF462495418 /* Pods-MovieViewer.debug.xcconfig */ = {isa = PBXFileReference; includeInIndex = 1; lastKnownFileType = text.xcconfig; name = "Pods-MovieViewer.debug.xcconfig"; path = "Pods/Target Support Files/Pods-MovieViewer/Pods-MovieViewer.debug.xcconfig"; sourceTree = "<group>"; };
		FC9014DF9D050CFA54B1905F /* Pods-MovieViewer.release.xcconfig */ = {isa = PBXFileReference; includeInIndex = 1; lastKnownFileType = text.xcconfig; name = "Pods-MovieViewer.release.xcconfig"; path = "Pods/Target Support Files/Pods-MovieViewer/Pods-MovieViewer.release.xcconfig"; sourceTree = "<group>"; };
/* End PBXFileReference section */

/* Begin PBXFrameworksBuildPhase section */
		C6C3E4EB1C61A3080065A57F /* Frameworks */ = {
			isa = PBXFrameworksBuildPhase;
			buildActionMask = 2147483647;
			files = (
				5897B0BA3C546A18A8A70FCE /* Pods_MovieViewer.framework in Frameworks */,
			);
			runOnlyForDeploymentPostprocessing = 0;
		};
/* End PBXFrameworksBuildPhase section */

/* Begin PBXGroup section */
		51220AC5B9EE52F0477A7FEC /* Pods */ = {
			isa = PBXGroup;
			children = (
				E51E6FEC48FEBDF462495418 /* Pods-MovieViewer.debug.xcconfig */,
				FC9014DF9D050CFA54B1905F /* Pods-MovieViewer.release.xcconfig */,
			);
			name = Pods;
			sourceTree = "<group>";
		};
		C6365BA21C62B4BB00CFCFE1 /* Views */ = {
			isa = PBXGroup;
			children = (
				C6365BA31C62B4F300CFCFE1 /* MovieCell.swift */,
			);
			name = Views;
			sourceTree = "<group>";
		};
		C6365BA51C62B50200CFCFE1 /* View Controllers */ = {
			isa = PBXGroup;
			children = (
				C6C3E5031C61A3840065A57F /* MoviesViewController.swift */,
				C6F4CC361C68F3CC00C7B4EF /* DetailViewController.swift */,
			);
			name = "View Controllers";
			sourceTree = "<group>";
		};
		C6C3E4E51C61A3080065A57F = {
			isa = PBXGroup;
			children = (
				C6C3E4F01C61A3080065A57F /* MovieViewer */,
				C6C3E4EF1C61A3080065A57F /* Products */,
				51220AC5B9EE52F0477A7FEC /* Pods */,
				DF54418254F5BB23F759C5D0 /* Frameworks */,
			);
			sourceTree = "<group>";
		};
		C6C3E4EF1C61A3080065A57F /* Products */ = {
			isa = PBXGroup;
			children = (
				C6C3E4EE1C61A3080065A57F /* MovieViewer.app */,
			);
			name = Products;
			sourceTree = "<group>";
		};
		C6C3E4F01C61A3080065A57F /* MovieViewer */ = {
			isa = PBXGroup;
			children = (
				C6365BA21C62B4BB00CFCFE1 /* Views */,
				C6365BA51C62B50200CFCFE1 /* View Controllers */,
				C6C3E4F11C61A3080065A57F /* AppDelegate.swift */,
				C6C3E4F51C61A3080065A57F /* Main.storyboard */,
				C6C3E4F81C61A3090065A57F /* Assets.xcassets */,
				C6C3E4FA1C61A3090065A57F /* LaunchScreen.storyboard */,
				C6C3E4FD1C61A3090065A57F /* Info.plist */,
			);
			path = MovieViewer;
			sourceTree = "<group>";
		};
		DF54418254F5BB23F759C5D0 /* Frameworks */ = {
			isa = PBXGroup;
			children = (
				3F01D535E71CB0B2334A2DDF /* Pods_MovieViewer.framework */,
			);
			name = Frameworks;
			sourceTree = "<group>";
		};
/* End PBXGroup section */

/* Begin PBXNativeTarget section */
		C6C3E4ED1C61A3080065A57F /* MovieViewer */ = {
			isa = PBXNativeTarget;
			buildConfigurationList = C6C3E5001C61A3090065A57F /* Build configuration list for PBXNativeTarget "MovieViewer" */;
			buildPhases = (
				1881D314D74509D3D31E3CB8 /* Check Pods Manifest.lock */,
				C6C3E4EA1C61A3080065A57F /* Sources */,
				C6C3E4EB1C61A3080065A57F /* Frameworks */,
				C6C3E4EC1C61A3080065A57F /* Resources */,
				9D1C65F58777EE2750B59653 /* Embed Pods Frameworks */,
				EEF0F5491CB78667A5618368 /* Copy Pods Resources */,
			);
			buildRules = (
			);
			dependencies = (
			);
			name = MovieViewer;
			productName = MovieViewer;
			productReference = C6C3E4EE1C61A3080065A57F /* MovieViewer.app */;
			productType = "com.apple.product-type.application";
		};
/* End PBXNativeTarget section */

/* Begin PBXProject section */
		C6C3E4E61C61A3080065A57F /* Project object */ = {
			isa = PBXProject;
			attributes = {
				LastSwiftUpdateCheck = 0720;
				LastUpgradeCheck = 0720;
				ORGANIZATIONNAME = "Tam Nguyen";
				TargetAttributes = {
					C6C3E4ED1C61A3080065A57F = {
						CreatedOnToolsVersion = 7.2;
					};
				};
			};
			buildConfigurationList = C6C3E4E91C61A3080065A57F /* Build configuration list for PBXProject "MovieViewer" */;
			compatibilityVersion = "Xcode 3.2";
			developmentRegion = English;
			hasScannedForEncodings = 0;
			knownRegions = (
				en,
				Base,
			);
			mainGroup = C6C3E4E51C61A3080065A57F;
			productRefGroup = C6C3E4EF1C61A3080065A57F /* Products */;
			projectDirPath = "";
			projectRoot = "";
			targets = (
				C6C3E4ED1C61A3080065A57F /* MovieViewer */,
			);
		};
/* End PBXProject section */

/* Begin PBXResourcesBuildPhase section */
		C6C3E4EC1C61A3080065A57F /* Resources */ = {
			isa = PBXResourcesBuildPhase;
			buildActionMask = 2147483647;
			files = (
				C6C3E4FC1C61A3090065A57F /* LaunchScreen.storyboard in Resources */,
				C6C3E4F91C61A3090065A57F /* Assets.xcassets in Resources */,
				C6C3E4F71C61A3080065A57F /* Main.storyboard in Resources */,
			);
			runOnlyForDeploymentPostprocessing = 0;
		};
/* End PBXResourcesBuildPhase section */

/* Begin PBXShellScriptBuildPhase section */
		1881D314D74509D3D31E3CB8 /* Check Pods Manifest.lock */ = {
			isa = PBXShellScriptBuildPhase;
			buildActionMask = 2147483647;
			files = (
			);
			inputPaths = (
			);
			name = "Check Pods Manifest.lock";
			outputPaths = (
			);
			runOnlyForDeploymentPostprocessing = 0;
			shellPath = /bin/sh;
			shellScript = "diff \"${PODS_ROOT}/../Podfile.lock\" \"${PODS_ROOT}/Manifest.lock\" > /dev/null\nif [[ $? != 0 ]] ; then\n    cat << EOM\nerror: The sandbox is not in sync with the Podfile.lock. Run 'pod install' or update your CocoaPods installation.\nEOM\n    exit 1\nfi\n";
			showEnvVarsInLog = 0;
		};
		9D1C65F58777EE2750B59653 /* Embed Pods Frameworks */ = {
			isa = PBXShellScriptBuildPhase;
			buildActionMask = 2147483647;
			files = (
			);
			inputPaths = (
			);
			name = "Embed Pods Frameworks";
			outputPaths = (
			);
			runOnlyForDeploymentPostprocessing = 0;
			shellPath = /bin/sh;
			shellScript = "\"${SRCROOT}/Pods/Target Support Files/Pods-MovieViewer/Pods-MovieViewer-frameworks.sh\"\n";
			showEnvVarsInLog = 0;
		};
		EEF0F5491CB78667A5618368 /* Copy Pods Resources */ = {
			isa = PBXShellScriptBuildPhase;
			buildActionMask = 2147483647;
			files = (
			);
			inputPaths = (
			);
			name = "Copy Pods Resources";
			outputPaths = (
			);
			runOnlyForDeploymentPostprocessing = 0;
			shellPath = /bin/sh;
			shellScript = "\"${SRCROOT}/Pods/Target Support Files/Pods-MovieViewer/Pods-MovieViewer-resources.sh\"\n";
			showEnvVarsInLog = 0;
		};
/* End PBXShellScriptBuildPhase section */

/* Begin PBXSourcesBuildPhase section */
		C6C3E4EA1C61A3080065A57F /* Sources */ = {
			isa = PBXSourcesBuildPhase;
			buildActionMask = 2147483647;
			files = (
				C6C3E4F21C61A3080065A57F /* AppDelegate.swift in Sources */,
				C6C3E5041C61A3840065A57F /* MoviesViewController.swift in Sources */,
				C6365BA41C62B4F300CFCFE1 /* MovieCell.swift in Sources */,
				C6F4CC371C68F3CC00C7B4EF /* DetailViewController.swift in Sources */,
			);
			runOnlyForDeploymentPostprocessing = 0;
		};
/* End PBXSourcesBuildPhase section */

/* Begin PBXVariantGroup section */
		C6C3E4F51C61A3080065A57F /* Main.storyboard */ = {
			isa = PBXVariantGroup;
			children = (
				C6C3E4F61C61A3080065A57F /* Base */,
			);
			name = Main.storyboard;
			sourceTree = "<group>";
		};
		C6C3E4FA1C61A3090065A57F /* LaunchScreen.storyboard */ = {
			isa = PBXVariantGroup;
			children = (
				C6C3E4FB1C61A3090065A57F /* Base */,
			);
			name = LaunchScreen.storyboard;
			sourceTree = "<group>";
		};
/* End PBXVariantGroup section */

/* Begin XCBuildConfiguration section */
		C6C3E4FE1C61A3090065A57F /* Debug */ = {
			isa = XCBuildConfiguration;
			buildSettings = {
				ALWAYS_SEARCH_USER_PATHS = NO;
				CLANG_CXX_LANGUAGE_STANDARD = "gnu++0x";
				CLANG_CXX_LIBRARY = "libc++";
				CLANG_ENABLE_MODULES = YES;
				CLANG_ENABLE_OBJC_ARC = YES;
				CLANG_WARN_BOOL_CONVERSION = YES;
				CLANG_WARN_CONSTANT_CONVERSION = YES;
				CLANG_WARN_DIRECT_OBJC_ISA_USAGE = YES_ERROR;
				CLANG_WARN_EMPTY_BODY = YES;
				CLANG_WARN_ENUM_CONVERSION = YES;
				CLANG_WARN_INT_CONVERSION = YES;
				CLANG_WARN_OBJC_ROOT_CLASS = YES_ERROR;
				CLANG_WARN_UNREACHABLE_CODE = YES;
				CLANG_WARN__DUPLICATE_METHOD_MATCH = YES;
				"CODE_SIGN_IDENTITY[sdk=iphoneos*]" = "iPhone Developer";
				COPY_PHASE_STRIP = NO;
				DEBUG_INFORMATION_FORMAT = dwarf;
				ENABLE_STRICT_OBJC_MSGSEND = YES;
				ENABLE_TESTABILITY = YES;
				GCC_C_LANGUAGE_STANDARD = gnu99;
				GCC_DYNAMIC_NO_PIC = NO;
				GCC_NO_COMMON_BLOCKS = YES;
				GCC_OPTIMIZATION_LEVEL = 0;
				GCC_PREPROCESSOR_DEFINITIONS = (
					"DEBUG=1",
					"$(inherited)",
				);
				GCC_WARN_64_TO_32_BIT_CONVERSION = YES;
				GCC_WARN_ABOUT_RETURN_TYPE = YES_ERROR;
				GCC_WARN_UNDECLARED_SELECTOR = YES;
				GCC_WARN_UNINITIALIZED_AUTOS = YES_AGGRESSIVE;
				GCC_WARN_UNUSED_FUNCTION = YES;
				GCC_WARN_UNUSED_VARIABLE = YES;
				IPHONEOS_DEPLOYMENT_TARGET = 9.2;
				MTL_ENABLE_DEBUG_INFO = YES;
				ONLY_ACTIVE_ARCH = YES;
				SDKROOT = iphoneos;
				SWIFT_OPTIMIZATION_LEVEL = "-Onone";
			};
			name = Debug;
		};
		C6C3E4FF1C61A3090065A57F /* Release */ = {
			isa = XCBuildConfiguration;
			buildSettings = {
				ALWAYS_SEARCH_USER_PATHS = NO;
				CLANG_CXX_LANGUAGE_STANDARD = "gnu++0x";
				CLANG_CXX_LIBRARY = "libc++";
				CLANG_ENABLE_MODULES = YES;
				CLANG_ENABLE_OBJC_ARC = YES;
				CLANG_WARN_BOOL_CONVERSION = YES;
				CLANG_WARN_CONSTANT_CONVERSION = YES;
				CLANG_WARN_DIRECT_OBJC_ISA_USAGE = YES_ERROR;
				CLANG_WARN_EMPTY_BODY = YES;
				CLANG_WARN_ENUM_CONVERSION = YES;
				CLANG_WARN_INT_CONVERSION = YES;
				CLANG_WARN_OBJC_ROOT_CLASS = YES_ERROR;
				CLANG_WARN_UNREACHABLE_CODE = YES;
				CLANG_WARN__DUPLICATE_METHOD_MATCH = YES;
				"CODE_SIGN_IDENTITY[sdk=iphoneos*]" = "iPhone Developer";
				COPY_PHASE_STRIP = NO;
				DEBUG_INFORMATION_FORMAT = "dwarf-with-dsym";
				ENABLE_NS_ASSERTIONS = NO;
				ENABLE_STRICT_OBJC_MSGSEND = YES;
				GCC_C_LANGUAGE_STANDARD = gnu99;
				GCC_NO_COMMON_BLOCKS = YES;
				GCC_WARN_64_TO_32_BIT_CONVERSION = YES;
				GCC_WARN_ABOUT_RETURN_TYPE = YES_ERROR;
				GCC_WARN_UNDECLARED_SELECTOR = YES;
				GCC_WARN_UNINITIALIZED_AUTOS = YES_AGGRESSIVE;
				GCC_WARN_UNUSED_FUNCTION = YES;
				GCC_WARN_UNUSED_VARIABLE = YES;
				IPHONEOS_DEPLOYMENT_TARGET = 9.2;
				MTL_ENABLE_DEBUG_INFO = NO;
				SDKROOT = iphoneos;
				VALIDATE_PRODUCT = YES;
			};
			name = Release;
		};
		C6C3E5011C61A3090065A57F /* Debug */ = {
			isa = XCBuildConfiguration;
			baseConfigurationReference = E51E6FEC48FEBDF462495418 /* Pods-MovieViewer.debug.xcconfig */;
			buildSettings = {
				ASSETCATALOG_COMPILER_APPICON_NAME = AppIcon;
				INFOPLIST_FILE = MovieViewer/Info.plist;
				LD_RUNPATH_SEARCH_PATHS = "$(inherited) @executable_path/Frameworks";
				PRODUCT_BUNDLE_IDENTIFIER = "Tam-Nguyen.MovieViewer";
				PRODUCT_NAME = "$(TARGET_NAME)";
			};
			name = Debug;
		};
		C6C3E5021C61A3090065A57F /* Release */ = {
			isa = XCBuildConfiguration;
			baseConfigurationReference = FC9014DF9D050CFA54B1905F /* Pods-MovieViewer.release.xcconfig */;
			buildSettings = {
				ASSETCATALOG_COMPILER_APPICON_NAME = AppIcon;
				INFOPLIST_FILE = MovieViewer/Info.plist;
				LD_RUNPATH_SEARCH_PATHS = "$(inherited) @executable_path/Frameworks";
				PRODUCT_BUNDLE_IDENTIFIER = "Tam-Nguyen.MovieViewer";
				PRODUCT_NAME = "$(TARGET_NAME)";
			};
			name = Release;
		};
/* End XCBuildConfiguration section */

/* Begin XCConfigurationList section */
		C6C3E4E91C61A3080065A57F /* Build configuration list for PBXProject "MovieViewer" */ = {
			isa = XCConfigurationList;
			buildConfigurations = (
				C6C3E4FE1C61A3090065A57F /* Debug */,
				C6C3E4FF1C61A3090065A57F /* Release */,
			);
			defaultConfigurationIsVisible = 0;
			defaultConfigurationName = Release;
		};
		C6C3E5001C61A3090065A57F /* Build configuration list for PBXNativeTarget "MovieViewer" */ = {
			isa = XCConfigurationList;
			buildConfigurations = (
				C6C3E5011C61A3090065A57F /* Debug */,
				C6C3E5021C61A3090065A57F /* Release */,
			);
			defaultConfigurationIsVisible = 0;
			defaultConfigurationName = Release;
		};
/* End XCConfigurationList section */
	};
	rootObject = C6C3E4E61C61A3080065A57F /* Project object */;
}
